
Microsoft Visual Studio Solution File, Format Version 12.00
Project("{FAE04EC0-301F-11D3-BF4B-00C04F79EFBC}") = "CSharp3D", "CSharp3D\CSharp3D.csproj", "{0C8CF3FF-033C-4A26-B54F-749B7E793DB1}"
EndProject
Global
	GlobalSection(SolutionConfigurationPlatforms) = preSolution
		Debug|Any CPU = Debug|Any CPU
		Release|Any CPU = Release|Any CPU
	EndGlobalSection
	GlobalSection(ProjectConfigurationPlatforms) = postSolution
		{0C8CF3FF-033C-4A26-B54F-749B7E793DB1}.Debug|Any CPU.ActiveCfg = Debug|Any CPU
		{0C8CF3FF-033C-4A26-B54F-749B7E793DB1}.Debug|Any CPU.Build.0 = Debug|Any CPU
		{0C8CF3FF-033C-4A26-B54F-749B7E793DB1}.Release|Any CPU.ActiveCfg = Release|Any CPU
		{0C8CF3FF-033C-4A26-B54F-749B7E793DB1}.Release|Any CPU.Build.0 = Release|Any CPU
	EndGlobalSection
EndGlobal
